// !$*UTF8*$!
{
	archiveVersion = 1;
	classes = {
	};
	objectVersion = 46;
	objects = {

/* Begin PBXBuildFile section */
		CB83F6F01DEE428B0038CF56 /* AppDelegate.swift in Sources */ = {isa = PBXBuildFile; fileRef = CB83F6EF1DEE428B0038CF56 /* AppDelegate.swift */; };
		CB83F6F21DEE428B0038CF56 /* ViewController.swift in Sources */ = {isa = PBXBuildFile; fileRef = CB83F6F11DEE428B0038CF56 /* ViewController.swift */; };
		CB83F6F51DEE428B0038CF56 /* Main.storyboard in Resources */ = {isa = PBXBuildFile; fileRef = CB83F6F31DEE428B0038CF56 /* Main.storyboard */; };
		CB83F6F71DEE428B0038CF56 /* Assets.xcassets in Resources */ = {isa = PBXBuildFile; fileRef = CB83F6F61DEE428B0038CF56 /* Assets.xcassets */; };
		CB83F6FA1DEE428B0038CF56 /* LaunchScreen.storyboard in Resources */ = {isa = PBXBuildFile; fileRef = CB83F6F81DEE428B0038CF56 /* LaunchScreen.storyboard */; };
		CB83F7021DEE684D0038CF56 /* TextImageViewController.swift in Sources */ = {isa = PBXBuildFile; fileRef = CB83F7011DEE684D0038CF56 /* TextImageViewController.swift */; };
		CB83F7041DEE72990038CF56 /* SnapshotViewController.swift in Sources */ = {isa = PBXBuildFile; fileRef = CB83F7031DEE72990038CF56 /* SnapshotViewController.swift */; };
		CB83F7081DEE7B3A0038CF56 /* JBKenBurnsView.m in Sources */ = {isa = PBXBuildFile; fileRef = CB83F7071DEE7B3A0038CF56 /* JBKenBurnsView.m */; };
		CB83F70A1DEFB1600038CF56 /* KenBurnsEffectViewController.swift in Sources */ = {isa = PBXBuildFile; fileRef = CB83F7091DEFB1600038CF56 /* KenBurnsEffectViewController.swift */; };
		CB83F70C1DF10F2E0038CF56 /* SnapshotView.xib in Resources */ = {isa = PBXBuildFile; fileRef = CB83F70B1DF10F2E0038CF56 /* SnapshotView.xib */; };
		CB83F70E1DF10FD80038CF56 /* SnapshotView.swift in Sources */ = {isa = PBXBuildFile; fileRef = CB83F70D1DF10FD80038CF56 /* SnapshotView.swift */; };
		CB83F7101DF2783B0038CF56 /* JBKenBurnsView.swift in Sources */ = {isa = PBXBuildFile; fileRef = CB83F70F1DF2783B0038CF56 /* JBKenBurnsView.swift */; };
/* End PBXBuildFile section */

/* Begin PBXFileReference section */
		CB83F6EC1DEE428B0038CF56 /* CALayerPlayground.app */ = {isa = PBXFileReference; explicitFileType = wrapper.application; includeInIndex = 0; path = CALayerPlayground.app; sourceTree = BUILT_PRODUCTS_DIR; };
		CB83F6EF1DEE428B0038CF56 /* AppDelegate.swift */ = {isa = PBXFileReference; lastKnownFileType = sourcecode.swift; path = AppDelegate.swift; sourceTree = "<group>"; };
		CB83F6F11DEE428B0038CF56 /* ViewController.swift */ = {isa = PBXFileReference; lastKnownFileType = sourcecode.swift; path = ViewController.swift; sourceTree = "<group>"; };
		CB83F6F41DEE428B0038CF56 /* Base */ = {isa = PBXFileReference; lastKnownFileType = file.storyboard; name = Base; path = Base.lproj/Main.storyboard; sourceTree = "<group>"; };
		CB83F6F61DEE428B0038CF56 /* Assets.xcassets */ = {isa = PBXFileReference; lastKnownFileType = folder.assetcatalog; path = Assets.xcassets; sourceTree = "<group>"; };
		CB83F6F91DEE428B0038CF56 /* Base */ = {isa = PBXFileReference; lastKnownFileType = file.storyboard; name = Base; path = Base.lproj/LaunchScreen.storyboard; sourceTree = "<group>"; };
		CB83F6FB1DEE428B0038CF56 /* Info.plist */ = {isa = PBXFileReference; lastKnownFileType = text.plist.xml; path = Info.plist; sourceTree = "<group>"; };
		CB83F7011DEE684D0038CF56 /* TextImageViewController.swift */ = {isa = PBXFileReference; fileEncoding = 4; lastKnownFileType = sourcecode.swift; path = TextImageViewController.swift; sourceTree = "<group>"; };
		CB83F7031DEE72990038CF56 /* SnapshotViewController.swift */ = {isa = PBXFileReference; fileEncoding = 4; lastKnownFileType = sourcecode.swift; path = SnapshotViewController.swift; sourceTree = "<group>"; };
		CB83F7051DEE7B3A0038CF56 /* CALayerPlayground-Bridging-Header.h */ = {isa = PBXFileReference; lastKnownFileType = sourcecode.c.h; path = "CALayerPlayground-Bridging-Header.h"; sourceTree = "<group>"; };
		CB83F7061DEE7B3A0038CF56 /* JBKenBurnsView.h */ = {isa = PBXFileReference; fileEncoding = 4; lastKnownFileType = sourcecode.c.h; path = JBKenBurnsView.h; sourceTree = "<group>"; };
		CB83F7071DEE7B3A0038CF56 /* JBKenBurnsView.m */ = {isa = PBXFileReference; fileEncoding = 4; lastKnownFileType = sourcecode.c.objc; path = JBKenBurnsView.m; sourceTree = "<group>"; };
		CB83F7091DEFB1600038CF56 /* KenBurnsEffectViewController.swift */ = {isa = PBXFileReference; fileEncoding = 4; lastKnownFileType = sourcecode.swift; path = KenBurnsEffectViewController.swift; sourceTree = "<group>"; };
		CB83F70B1DF10F2E0038CF56 /* SnapshotView.xib */ = {isa = PBXFileReference; fileEncoding = 4; lastKnownFileType = file.xib; path = SnapshotView.xib; sourceTree = "<group>"; };
		CB83F70D1DF10FD80038CF56 /* SnapshotView.swift */ = {isa = PBXFileReference; fileEncoding = 4; lastKnownFileType = sourcecode.swift; path = SnapshotView.swift; sourceTree = "<group>"; };
		CB83F70F1DF2783B0038CF56 /* JBKenBurnsView.swift */ = {isa = PBXFileReference; fileEncoding = 4; lastKnownFileType = sourcecode.swift; path = JBKenBurnsView.swift; sourceTree = "<group>"; };
/* End PBXFileReference section */

/* Begin PBXFrameworksBuildPhase section */
		CB83F6E91DEE428B0038CF56 /* Frameworks */ = {
			isa = PBXFrameworksBuildPhase;
			buildActionMask = 2147483647;
			files = (
			);
			runOnlyForDeploymentPostprocessing = 0;
		};
/* End PBXFrameworksBuildPhase section */

/* Begin PBXGroup section */
		CB83F6E31DEE428B0038CF56 = {
			isa = PBXGroup;
			children = (
				CB83F6EE1DEE428B0038CF56 /* CALayerPlayground */,
				CB83F6ED1DEE428B0038CF56 /* Products */,
			);
			sourceTree = "<group>";
		};
		CB83F6ED1DEE428B0038CF56 /* Products */ = {
			isa = PBXGroup;
			children = (
				CB83F6EC1DEE428B0038CF56 /* CALayerPlayground.app */,
			);
			name = Products;
			sourceTree = "<group>";
		};
		CB83F6EE1DEE428B0038CF56 /* CALayerPlayground */ = {
			isa = PBXGroup;
			children = (
				CB83F70F1DF2783B0038CF56 /* JBKenBurnsView.swift */,
				CB83F7061DEE7B3A0038CF56 /* JBKenBurnsView.h */,
				CB83F7071DEE7B3A0038CF56 /* JBKenBurnsView.m */,
				CB83F6EF1DEE428B0038CF56 /* AppDelegate.swift */,
				CB83F6F11DEE428B0038CF56 /* ViewController.swift */,
				CB83F7011DEE684D0038CF56 /* TextImageViewController.swift */,
				CB83F7031DEE72990038CF56 /* SnapshotViewController.swift */,
				CB83F7091DEFB1600038CF56 /* KenBurnsEffectViewController.swift */,
				CB83F6F31DEE428B0038CF56 /* Main.storyboard */,
				CB83F6F61DEE428B0038CF56 /* Assets.xcassets */,
				CB83F6F81DEE428B0038CF56 /* LaunchScreen.storyboard */,
				CB83F6FB1DEE428B0038CF56 /* Info.plist */,
				CB83F7051DEE7B3A0038CF56 /* CALayerPlayground-Bridging-Header.h */,
				CB83F70B1DF10F2E0038CF56 /* SnapshotView.xib */,
				CB83F70D1DF10FD80038CF56 /* SnapshotView.swift */,
			);
			path = CALayerPlayground;
			sourceTree = "<group>";
		};
/* End PBXGroup section */

/* Begin PBXNativeTarget section */
		CB83F6EB1DEE428B0038CF56 /* CALayerPlayground */ = {
			isa = PBXNativeTarget;
			buildConfigurationList = CB83F6FE1DEE428B0038CF56 /* Build configuration list for PBXNativeTarget "CALayerPlayground" */;
			buildPhases = (
				CB83F6E81DEE428B0038CF56 /* Sources */,
				CB83F6E91DEE428B0038CF56 /* Frameworks */,
				CB83F6EA1DEE428B0038CF56 /* Resources */,
			);
			buildRules = (
			);
			dependencies = (
			);
			name = CALayerPlayground;
			productName = CALayerPlayground;
			productReference = CB83F6EC1DEE428B0038CF56 /* CALayerPlayground.app */;
			productType = "com.apple.product-type.application";
		};
/* End PBXNativeTarget section */

/* Begin PBXProject section */
		CB83F6E41DEE428B0038CF56 /* Project object */ = {
			isa = PBXProject;
			attributes = {
				LastSwiftUpdateCheck = 0810;
				LastUpgradeCheck = 0810;
				ORGANIZATIONNAME = "Deeksha Prabhakar";
				TargetAttributes = {
					CB83F6EB1DEE428B0038CF56 = {
						CreatedOnToolsVersion = 8.1;
						DevelopmentTeam = HHT67GY7SL;
						LastSwiftMigration = 0810;
						ProvisioningStyle = Automatic;
					};
				};
			};
			buildConfigurationList = CB83F6E71DEE428B0038CF56 /* Build configuration list for PBXProject "CALayerPlayground" */;
			compatibilityVersion = "Xcode 3.2";
			developmentRegion = English;
			hasScannedForEncodings = 0;
			knownRegions = (
				en,
				Base,
			);
			mainGroup = CB83F6E31DEE428B0038CF56;
			productRefGroup = CB83F6ED1DEE428B0038CF56 /* Products */;
			projectDirPath = "";
			projectRoot = "";
			targets = (
				CB83F6EB1DEE428B0038CF56 /* CALayerPlayground */,
			);
		};
/* End PBXProject section */

/* Begin PBXResourcesBuildPhase section */
		CB83F6EA1DEE428B0038CF56 /* Resources */ = {
			isa = PBXResourcesBuildPhase;
			buildActionMask = 2147483647;
			files = (
				CB83F70C1DF10F2E0038CF56 /* SnapshotView.xib in Resources */,
				CB83F6FA1DEE428B0038CF56 /* LaunchScreen.storyboard in Resources */,
				CB83F6F71DEE428B0038CF56 /* Assets.xcassets in Resources */,
				CB83F6F51DEE428B0038CF56 /* Main.storyboard in Resources */,
			);
			runOnlyForDeploymentPostprocessing = 0;
		};
/* End PBXResourcesBuildPhase section */

/* Begin PBXSourcesBuildPhase section */
		CB83F6E81DEE428B0038CF56 /* Sources */ = {
			isa = PBXSourcesBuildPhase;
			buildActionMask = 2147483647;
			files = (
				CB83F70E1DF10FD80038CF56 /* SnapshotView.swift in Sources */,
				CB83F6F21DEE428B0038CF56 /* ViewController.swift in Sources */,
				CB83F6F01DEE428B0038CF56 /* AppDelegate.swift in Sources */,
				CB83F7041DEE72990038CF56 /* SnapshotViewController.swift in Sources */,
				CB83F7021DEE684D0038CF56 /* TextImageViewController.swift in Sources */,
				CB83F7081DEE7B3A0038CF56 /* JBKenBurnsView.m in Sources */,
				CB83F7101DF2783B0038CF56 /* JBKenBurnsView.swift in Sources */,
				CB83F70A1DEFB1600038CF56 /* KenBurnsEffectViewController.swift in Sources */,
			);
			runOnlyForDeploymentPostprocessing = 0;
		};
/* End PBXSourcesBuildPhase section */

/* Begin PBXVariantGroup section */
		CB83F6F31DEE428B0038CF56 /* Main.storyboard */ = {
			isa = PBXVariantGroup;
			children = (
				CB83F6F41DEE428B0038CF56 /* Base */,
			);
			name = Main.storyboard;
			sourceTree = "<group>";
		};
		CB83F6F81DEE428B0038CF56 /* LaunchScreen.storyboard */ = {
			isa = PBXVariantGroup;
			children = (
				CB83F6F91DEE428B0038CF56 /* Base */,
			);
			name = LaunchScreen.storyboard;
			sourceTree = "<group>";
		};
/* End PBXVariantGroup section */

/* Begin XCBuildConfiguration section */
		CB83F6FC1DEE428B0038CF56 /* Debug */ = {
			isa = XCBuildConfiguration;
			buildSettings = {
				ALWAYS_SEARCH_USER_PATHS = NO;
				CLANG_ANALYZER_NONNULL = YES;
				CLANG_CXX_LANGUAGE_STANDARD = "gnu++0x";
				CLANG_CXX_LIBRARY = "libc++";
				CLANG_ENABLE_MODULES = YES;
				CLANG_ENABLE_OBJC_ARC = YES;
				CLANG_WARN_BOOL_CONVERSION = YES;
				CLANG_WARN_CONSTANT_CONVERSION = YES;
				CLANG_WARN_DIRECT_OBJC_ISA_USAGE = YES_ERROR;
				CLANG_WARN_DOCUMENTATION_COMMENTS = YES;
				CLANG_WARN_EMPTY_BODY = YES;
				CLANG_WARN_ENUM_CONVERSION = YES;
				CLANG_WARN_INFINITE_RECURSION = YES;
				CLANG_WARN_INT_CONVERSION = YES;
				CLANG_WARN_OBJC_ROOT_CLASS = YES_ERROR;
				CLANG_WARN_SUSPICIOUS_MOVES = YES;
				CLANG_WARN_UNREACHABLE_CODE = YES;
				CLANG_WARN__DUPLICATE_METHOD_MATCH = YES;
				"CODE_SIGN_IDENTITY[sdk=iphoneos*]" = "iPhone Developer";
				COPY_PHASE_STRIP = NO;
				DEBUG_INFORMATION_FORMAT = dwarf;
				ENABLE_STRICT_OBJC_MSGSEND = YES;
				ENABLE_TESTABILITY = YES;
				GCC_C_LANGUAGE_STANDARD = gnu99;
				GCC_DYNAMIC_NO_PIC = NO;
				GCC_NO_COMMON_BLOCKS = YES;
				GCC_OPTIMIZATION_LEVEL = 0;
				GCC_PREPROCESSOR_DEFINITIONS = (
					"DEBUG=1",
					"$(inherited)",
				);
				GCC_WARN_64_TO_32_BIT_CONVERSION = YES;
				GCC_WARN_ABOUT_RETURN_TYPE = YES_ERROR;
				GCC_WARN_UNDECLARED_SELECTOR = YES;
				GCC_WARN_UNINITIALIZED_AUTOS = YES_AGGRESSIVE;
				GCC_WARN_UNUSED_FUNCTION = YES;
				GCC_WARN_UNUSED_VARIABLE = YES;
				IPHONEOS_DEPLOYMENT_TARGET = 10.1;
				MTL_ENABLE_DEBUG_INFO = YES;
				ONLY_ACTIVE_ARCH = YES;
				SDKROOT = iphoneos;
				SWIFT_ACTIVE_COMPILATION_CONDITIONS = DEBUG;
				SWIFT_OPTIMIZATION_LEVEL = "-Onone";
			};
			name = Debug;
		};
		CB83F6FD1DEE428B0038CF56 /* Release */ = {
			isa = XCBuildConfiguration;
			buildSettings = {
				ALWAYS_SEARCH_USER_PATHS = NO;
				CLANG_ANALYZER_NONNULL = YES;
				CLANG_CXX_LANGUAGE_STANDARD = "gnu++0x";
				CLANG_CXX_LIBRARY = "libc++";
				CLANG_ENABLE_MODULES = YES;
				CLANG_ENABLE_OBJC_ARC = YES;
				CLANG_WARN_BOOL_CONVERSION = YES;
				CLANG_WARN_CONSTANT_CONVERSION = YES;
				CLANG_WARN_DIRECT_OBJC_ISA_USAGE = YES_ERROR;
				CLANG_WARN_DOCUMENTATION_COMMENTS = YES;
				CLANG_WARN_EMPTY_BODY = YES;
				CLANG_WARN_ENUM_CONVERSION = YES;
				CLANG_WARN_INFINITE_RECURSION = YES;
				CLANG_WARN_INT_CONVERSION = YES;
				CLANG_WARN_OBJC_ROOT_CLASS = YES_ERROR;
				CLANG_WARN_SUSPICIOUS_MOVES = YES;
				CLANG_WARN_UNREACHABLE_CODE = YES;
				CLANG_WARN__DUPLICATE_METHOD_MATCH = YES;
				"CODE_SIGN_IDENTITY[sdk=iphoneos*]" = "iPhone Developer";
				COPY_PHASE_STRIP = NO;
				DEBUG_INFORMATION_FORMAT = "dwarf-with-dsym";
				ENABLE_NS_ASSERTIONS = NO;
				ENABLE_STRICT_OBJC_MSGSEND = YES;
				GCC_C_LANGUAGE_STANDARD = gnu99;
				GCC_NO_COMMON_BLOCKS = YES;
				GCC_WARN_64_TO_32_BIT_CONVERSION = YES;
				GCC_WARN_ABOUT_RETURN_TYPE = YES_ERROR;
				GCC_WARN_UNDECLARED_SELECTOR = YES;
				GCC_WARN_UNINITIALIZED_AUTOS = YES_AGGRESSIVE;
				GCC_WARN_UNUSED_FUNCTION = YES;
				GCC_WARN_UNUSED_VARIABLE = YES;
				IPHONEOS_DEPLOYMENT_TARGET = 10.1;
				MTL_ENABLE_DEBUG_INFO = NO;
				SDKROOT = iphoneos;
				SWIFT_OPTIMIZATION_LEVEL = "-Owholemodule";
				VALIDATE_PRODUCT = YES;
			};
			name = Release;
		};
		CB83F6FF1DEE428B0038CF56 /* Debug */ = {
			isa = XCBuildConfiguration;
			buildSettings = {
				ASSETCATALOG_COMPILER_APPICON_NAME = AppIcon;
				CLANG_ENABLE_MODULES = YES;
				DEVELOPMENT_TEAM = HHT67GY7SL;
				INFOPLIST_FILE = CALayerPlayground/Info.plist;
				LD_RUNPATH_SEARCH_PATHS = "$(inherited) @executable_path/Frameworks";
				PRODUCT_BUNDLE_IDENTIFIER = edu.deekshaprabhakar.CALayerPlayground;
				PRODUCT_NAME = "$(TARGET_NAME)";
				SWIFT_OBJC_BRIDGING_HEADER = "CALayerPlayground/CALayerPlayground-Bridging-Header.h";
				SWIFT_OPTIMIZATION_LEVEL = "-Onone";
				SWIFT_VERSION = 3.0;
			};
			name = Debug;
		};
		CB83F7001DEE428B0038CF56 /* Release */ = {
			isa = XCBuildConfiguration;
			buildSettings = {
				ASSETCATALOG_COMPILER_APPICON_NAME = AppIcon;
				CLANG_ENABLE_MODULES = YES;
				DEVELOPMENT_TEAM = HHT67GY7SL;
				INFOPLIST_FILE = CALayerPlayground/Info.plist;
				LD_RUNPATH_SEARCH_PATHS = "$(inherited) @executable_path/Frameworks";
				PRODUCT_BUNDLE_IDENTIFIER = edu.deekshaprabhakar.CALayerPlayground;
				PRODUCT_NAME = "$(TARGET_NAME)";
				SWIFT_OBJC_BRIDGING_HEADER = "CALayerPlayground/CALayerPlayground-Bridging-Header.h";
				SWIFT_VERSION = 3.0;
			};
			name = Release;
		};
/* End XCBuildConfiguration section */

/* Begin XCConfigurationList section */
		CB83F6E71DEE428B0038CF56 /* Build configuration list for PBXProject "CALayerPlayground" */ = {
			isa = XCConfigurationList;
			buildConfigurations = (
				CB83F6FC1DEE428B0038CF56 /* Debug */,
				CB83F6FD1DEE428B0038CF56 /* Release */,
			);
			defaultConfigurationIsVisible = 0;
			defaultConfigurationName = Release;
		};
		CB83F6FE1DEE428B0038CF56 /* Build configuration list for PBXNativeTarget "CALayerPlayground" */ = {
			isa = XCConfigurationList;
			buildConfigurations = (
				CB83F6FF1DEE428B0038CF56 /* Debug */,
				CB83F7001DEE428B0038CF56 /* Release */,
			);
			defaultConfigurationIsVisible = 0;
		};
/* End XCConfigurationList section */
	};
	rootObject = CB83F6E41DEE428B0038CF56 /* Project object */;
}
